// !$*UTF8*$!
{
	archiveVersion = 1;
	classes = {
	};
	objectVersion = 46;
	objects = {

/* Begin PBXBuildFile section */
		0325F7501B3CA1B300FBE562 /* AboutViewController.swift in Sources */ = {isa = PBXBuildFile; fileRef = 0325F74F1B3CA1B300FBE562 /* AboutViewController.swift */; };
		0325F7521B3CA47700FBE562 /* InfoViewController.swift in Sources */ = {isa = PBXBuildFile; fileRef = 0325F7511B3CA47700FBE562 /* InfoViewController.swift */; };
		0325F7541B3CA50A00FBE562 /* PlanetsViewController.swift in Sources */ = {isa = PBXBuildFile; fileRef = 0325F7531B3CA50A00FBE562 /* PlanetsViewController.swift */; };
		035219501B3AE95000A915E2 /* AppDelegate.swift in Sources */ = {isa = PBXBuildFile; fileRef = 0352194F1B3AE95000A915E2 /* AppDelegate.swift */; };
		035219521B3AE95000A915E2 /* ViewController.swift in Sources */ = {isa = PBXBuildFile; fileRef = 035219511B3AE95000A915E2 /* ViewController.swift */; };
		035219551B3AE95000A915E2 /* Main.storyboard in Resources */ = {isa = PBXBuildFile; fileRef = 035219531B3AE95000A915E2 /* Main.storyboard */; };
		035219571B3AE95000A915E2 /* Images.xcassets in Resources */ = {isa = PBXBuildFile; fileRef = 035219561B3AE95000A915E2 /* Images.xcassets */; };
		0352195A1B3AE95000A915E2 /* LaunchScreen.xib in Resources */ = {isa = PBXBuildFile; fileRef = 035219581B3AE95000A915E2 /* LaunchScreen.xib */; };
		035219661B3AE95000A915E2 /* SpacefactsTests.swift in Sources */ = {isa = PBXBuildFile; fileRef = 035219651B3AE95000A915E2 /* SpacefactsTests.swift */; };
		038C1F9F1B41DFAC00A254DC /* MoonsViewController.swift in Sources */ = {isa = PBXBuildFile; fileRef = 038C1F9E1B41DFAC00A254DC /* MoonsViewController.swift */; };
		038C1FA11B41E0CD00A254DC /* NebulaeViewController.swift in Sources */ = {isa = PBXBuildFile; fileRef = 038C1FA01B41E0CD00A254DC /* NebulaeViewController.swift */; };
		038C1FA31B41E0DA00A254DC /* GalaxiesViewController.swift in Sources */ = {isa = PBXBuildFile; fileRef = 038C1FA21B41E0DA00A254DC /* GalaxiesViewController.swift */; };
/* End PBXBuildFile section */

/* Begin PBXContainerItemProxy section */
		035219601B3AE95000A915E2 /* PBXContainerItemProxy */ = {
			isa = PBXContainerItemProxy;
			containerPortal = 035219421B3AE95000A915E2 /* Project object */;
			proxyType = 1;
			remoteGlobalIDString = 035219491B3AE95000A915E2;
			remoteInfo = Spacefacts;
		};
/* End PBXContainerItemProxy section */

/* Begin PBXFileReference section */
		0325F74F1B3CA1B300FBE562 /* AboutViewController.swift */ = {isa = PBXFileReference; fileEncoding = 4; lastKnownFileType = sourcecode.swift; path = AboutViewController.swift; sourceTree = "<group>"; };
		0325F7511B3CA47700FBE562 /* InfoViewController.swift */ = {isa = PBXFileReference; fileEncoding = 4; lastKnownFileType = sourcecode.swift; path = InfoViewController.swift; sourceTree = "<group>"; };
		0325F7531B3CA50A00FBE562 /* PlanetsViewController.swift */ = {isa = PBXFileReference; fileEncoding = 4; lastKnownFileType = sourcecode.swift; path = PlanetsViewController.swift; sourceTree = "<group>"; };
		0352194A1B3AE95000A915E2 /* Spacefacts.app */ = {isa = PBXFileReference; explicitFileType = wrapper.application; includeInIndex = 0; path = Spacefacts.app; sourceTree = BUILT_PRODUCTS_DIR; };
		0352194E1B3AE95000A915E2 /* Info.plist */ = {isa = PBXFileReference; lastKnownFileType = text.plist.xml; path = Info.plist; sourceTree = "<group>"; };
		0352194F1B3AE95000A915E2 /* AppDelegate.swift */ = {isa = PBXFileReference; lastKnownFileType = sourcecode.swift; path = AppDelegate.swift; sourceTree = "<group>"; };
		035219511B3AE95000A915E2 /* ViewController.swift */ = {isa = PBXFileReference; lastKnownFileType = sourcecode.swift; path = ViewController.swift; sourceTree = "<group>"; };
		035219541B3AE95000A915E2 /* Base */ = {isa = PBXFileReference; lastKnownFileType = file.storyboard; name = Base; path = Base.lproj/Main.storyboard; sourceTree = "<group>"; };
		035219561B3AE95000A915E2 /* Images.xcassets */ = {isa = PBXFileReference; lastKnownFileType = folder.assetcatalog; path = Images.xcassets; sourceTree = "<group>"; };
		035219591B3AE95000A915E2 /* Base */ = {isa = PBXFileReference; lastKnownFileType = file.xib; name = Base; path = Base.lproj/LaunchScreen.xib; sourceTree = "<group>"; };
		0352195F1B3AE95000A915E2 /* SpacefactsTests.xctest */ = {isa = PBXFileReference; explicitFileType = wrapper.cfbundle; includeInIndex = 0; path = SpacefactsTests.xctest; sourceTree = BUILT_PRODUCTS_DIR; };
		035219641B3AE95000A915E2 /* Info.plist */ = {isa = PBXFileReference; lastKnownFileType = text.plist.xml; path = Info.plist; sourceTree = "<group>"; };
		035219651B3AE95000A915E2 /* SpacefactsTests.swift */ = {isa = PBXFileReference; lastKnownFileType = sourcecode.swift; path = SpacefactsTests.swift; sourceTree = "<group>"; };
		038C1F9E1B41DFAC00A254DC /* MoonsViewController.swift */ = {isa = PBXFileReference; fileEncoding = 4; lastKnownFileType = sourcecode.swift; path = MoonsViewController.swift; sourceTree = "<group>"; };
		038C1FA01B41E0CD00A254DC /* NebulaeViewController.swift */ = {isa = PBXFileReference; fileEncoding = 4; lastKnownFileType = sourcecode.swift; path = NebulaeViewController.swift; sourceTree = "<group>"; };
		038C1FA21B41E0DA00A254DC /* GalaxiesViewController.swift */ = {isa = PBXFileReference; fileEncoding = 4; lastKnownFileType = sourcecode.swift; path = GalaxiesViewController.swift; sourceTree = "<group>"; };
/* End PBXFileReference section */

/* Begin PBXFrameworksBuildPhase section */
		035219471B3AE95000A915E2 /* Frameworks */ = {
			isa = PBXFrameworksBuildPhase;
			buildActionMask = 2147483647;
			files = (
			);
			runOnlyForDeploymentPostprocessing = 0;
		};
		0352195C1B3AE95000A915E2 /* Frameworks */ = {
			isa = PBXFrameworksBuildPhase;
			buildActionMask = 2147483647;
			files = (
			);
			runOnlyForDeploymentPostprocessing = 0;
		};
/* End PBXFrameworksBuildPhase section */

/* Begin PBXGroup section */
		035219411B3AE95000A915E2 = {
			isa = PBXGroup;
			children = (
				0352194C1B3AE95000A915E2 /* Spacefacts */,
				035219621B3AE95000A915E2 /* SpacefactsTests */,
				0352194B1B3AE95000A915E2 /* Products */,
			);
			sourceTree = "<group>";
		};
		0352194B1B3AE95000A915E2 /* Products */ = {
			isa = PBXGroup;
			children = (
				0352194A1B3AE95000A915E2 /* Spacefacts.app */,
				0352195F1B3AE95000A915E2 /* SpacefactsTests.xctest */,
			);
			name = Products;
			sourceTree = "<group>";
		};
		0352194C1B3AE95000A915E2 /* Spacefacts */ = {
			isa = PBXGroup;
			children = (
				0352194F1B3AE95000A915E2 /* AppDelegate.swift */,
				035219511B3AE95000A915E2 /* ViewController.swift */,
				035219531B3AE95000A915E2 /* Main.storyboard */,
				035219561B3AE95000A915E2 /* Images.xcassets */,
				035219581B3AE95000A915E2 /* LaunchScreen.xib */,
				0352194D1B3AE95000A915E2 /* Supporting Files */,
				0325F74F1B3CA1B300FBE562 /* AboutViewController.swift */,
				0325F7511B3CA47700FBE562 /* InfoViewController.swift */,
				0325F7531B3CA50A00FBE562 /* PlanetsViewController.swift */,
				038C1F9E1B41DFAC00A254DC /* MoonsViewController.swift */,
				038C1FA01B41E0CD00A254DC /* NebulaeViewController.swift */,
				038C1FA21B41E0DA00A254DC /* GalaxiesViewController.swift */,
			);
			path = Spacefacts;
			sourceTree = "<group>";
		};
		0352194D1B3AE95000A915E2 /* Supporting Files */ = {
			isa = PBXGroup;
			children = (
				0352194E1B3AE95000A915E2 /* Info.plist */,
			);
			name = "Supporting Files";
			sourceTree = "<group>";
		};
		035219621B3AE95000A915E2 /* SpacefactsTests */ = {
			isa = PBXGroup;
			children = (
				035219651B3AE95000A915E2 /* SpacefactsTests.swift */,
				035219631B3AE95000A915E2 /* Supporting Files */,
			);
			path = SpacefactsTests;
			sourceTree = "<group>";
		};
		035219631B3AE95000A915E2 /* Supporting Files */ = {
			isa = PBXGroup;
			children = (
				035219641B3AE95000A915E2 /* Info.plist */,
			);
			name = "Supporting Files";
			sourceTree = "<group>";
		};
/* End PBXGroup section */

/* Begin PBXNativeTarget section */
		035219491B3AE95000A915E2 /* Spacefacts */ = {
			isa = PBXNativeTarget;
			buildConfigurationList = 035219691B3AE95000A915E2 /* Build configuration list for PBXNativeTarget "Spacefacts" */;
			buildPhases = (
				035219461B3AE95000A915E2 /* Sources */,
				035219471B3AE95000A915E2 /* Frameworks */,
				035219481B3AE95000A915E2 /* Resources */,
			);
			buildRules = (
			);
			dependencies = (
			);
			name = Spacefacts;
			productName = Spacefacts;
			productReference = 0352194A1B3AE95000A915E2 /* Spacefacts.app */;
			productType = "com.apple.product-type.application";
		};
		0352195E1B3AE95000A915E2 /* SpacefactsTests */ = {
			isa = PBXNativeTarget;
			buildConfigurationList = 0352196C1B3AE95000A915E2 /* Build configuration list for PBXNativeTarget "SpacefactsTests" */;
			buildPhases = (
				0352195B1B3AE95000A915E2 /* Sources */,
				0352195C1B3AE95000A915E2 /* Frameworks */,
				0352195D1B3AE95000A915E2 /* Resources */,
			);
			buildRules = (
			);
			dependencies = (
				035219611B3AE95000A915E2 /* PBXTargetDependency */,
			);
			name = SpacefactsTests;
			productName = SpacefactsTests;
			productReference = 0352195F1B3AE95000A915E2 /* SpacefactsTests.xctest */;
			productType = "com.apple.product-type.bundle.unit-test";
		};
/* End PBXNativeTarget section */

/* Begin PBXProject section */
		035219421B3AE95000A915E2 /* Project object */ = {
			isa = PBXProject;
			attributes = {
				LastUpgradeCheck = 0630;
				ORGANIZATIONNAME = "Corinne Konoza";
				TargetAttributes = {
					035219491B3AE95000A915E2 = {
						CreatedOnToolsVersion = 6.3.2;
					};
					0352195E1B3AE95000A915E2 = {
						CreatedOnToolsVersion = 6.3.2;
						TestTargetID = 035219491B3AE95000A915E2;
					};
				};
			};
			buildConfigurationList = 035219451B3AE95000A915E2 /* Build configuration list for PBXProject "Spacefacts" */;
			compatibilityVersion = "Xcode 3.2";
			developmentRegion = English;
			hasScannedForEncodings = 0;
			knownRegions = (
				en,
				Base,
			);
			mainGroup = 035219411B3AE95000A915E2;
			productRefGroup = 0352194B1B3AE95000A915E2 /* Products */;
			projectDirPath = "";
			projectRoot = "";
			targets = (
				035219491B3AE95000A915E2 /* Spacefacts */,
				0352195E1B3AE95000A915E2 /* SpacefactsTests */,
			);
		};
/* End PBXProject section */

/* Begin PBXResourcesBuildPhase section */
		035219481B3AE95000A915E2 /* Resources */ = {
			isa = PBXResourcesBuildPhase;
			buildActionMask = 2147483647;
			files = (
				035219551B3AE95000A915E2 /* Main.storyboard in Resources */,
				0352195A1B3AE95000A915E2 /* LaunchScreen.xib in Resources */,
				035219571B3AE95000A915E2 /* Images.xcassets in Resources */,
			);
			runOnlyForDeploymentPostprocessing = 0;
		};
		0352195D1B3AE95000A915E2 /* Resources */ = {
			isa = PBXResourcesBuildPhase;
			buildActionMask = 2147483647;
			files = (
			);
			runOnlyForDeploymentPostprocessing = 0;
		};
/* End PBXResourcesBuildPhase section */

/* Begin PBXSourcesBuildPhase section */
		035219461B3AE95000A915E2 /* Sources */ = {
			isa = PBXSourcesBuildPhase;
			buildActionMask = 2147483647;
			files = (
				0325F7541B3CA50A00FBE562 /* PlanetsViewController.swift in Sources */,
				038C1F9F1B41DFAC00A254DC /* MoonsViewController.swift in Sources */,
				0325F7501B3CA1B300FBE562 /* AboutViewController.swift in Sources */,
				035219521B3AE95000A915E2 /* ViewController.swift in Sources */,
				038C1FA31B41E0DA00A254DC /* GalaxiesViewController.swift in Sources */,
				038C1FA11B41E0CD00A254DC /* NebulaeViewController.swift in Sources */,
				0325F7521B3CA47700FBE562 /* InfoViewController.swift in Sources */,
				035219501B3AE95000A915E2 /* AppDelegate.swift in Sources */,
			);
			runOnlyForDeploymentPostprocessing = 0;
		};
		0352195B1B3AE95000A915E2 /* Sources */ = {
			isa = PBXSourcesBuildPhase;
			buildActionMask = 2147483647;
			files = (
				035219661B3AE95000A915E2 /* SpacefactsTests.swift in Sources */,
			);
			runOnlyForDeploymentPostprocessing = 0;
		};
/* End PBXSourcesBuildPhase section */

/* Begin PBXTargetDependency section */
		035219611B3AE95000A915E2 /* PBXTargetDependency */ = {
			isa = PBXTargetDependency;
			target = 035219491B3AE95000A915E2 /* Spacefacts */;
			targetProxy = 035219601B3AE95000A915E2 /* PBXContainerItemProxy */;
		};
/* End PBXTargetDependency section */

/* Begin PBXVariantGroup section */
		035219531B3AE95000A915E2 /* Main.storyboard */ = {
			isa = PBXVariantGroup;
			children = (
				035219541B3AE95000A915E2 /* Base */,
			);
			name = Main.storyboard;
			sourceTree = "<group>";
		};
		035219581B3AE95000A915E2 /* LaunchScreen.xib */ = {
			isa = PBXVariantGroup;
			children = (
				035219591B3AE95000A915E2 /* Base */,
			);
			name = LaunchScreen.xib;
			sourceTree = "<group>";
		};
/* End PBXVariantGroup section */

/* Begin XCBuildConfiguration section */
		035219671B3AE95000A915E2 /* Debug */ = {
			isa = XCBuildConfiguration;
			buildSettings = {
				ALWAYS_SEARCH_USER_PATHS = NO;
				CLANG_CXX_LANGUAGE_STANDARD = "gnu++0x";
				CLANG_CXX_LIBRARY = "libc++";
				CLANG_ENABLE_MODULES = YES;
				CLANG_ENABLE_OBJC_ARC = YES;
				CLANG_WARN_BOOL_CONVERSION = YES;
				CLANG_WARN_CONSTANT_CONVERSION = YES;
				CLANG_WARN_DIRECT_OBJC_ISA_USAGE = YES_ERROR;
				CLANG_WARN_EMPTY_BODY = YES;
				CLANG_WARN_ENUM_CONVERSION = YES;
				CLANG_WARN_INT_CONVERSION = YES;
				CLANG_WARN_OBJC_ROOT_CLASS = YES_ERROR;
				CLANG_WARN_UNREACHABLE_CODE = YES;
				CLANG_WARN__DUPLICATE_METHOD_MATCH = YES;
				"CODE_SIGN_IDENTITY[sdk=iphoneos*]" = "iPhone Developer";
				COPY_PHASE_STRIP = NO;
				DEBUG_INFORMATION_FORMAT = "dwarf-with-dsym";
				ENABLE_STRICT_OBJC_MSGSEND = YES;
				GCC_C_LANGUAGE_STANDARD = gnu99;
				GCC_DYNAMIC_NO_PIC = NO;
				GCC_NO_COMMON_BLOCKS = YES;
				GCC_OPTIMIZATION_LEVEL = 0;
				GCC_PREPROCESSOR_DEFINITIONS = (
					"DEBUG=1",
					"$(inherited)",
				);
				GCC_SYMBOLS_PRIVATE_EXTERN = NO;
				GCC_WARN_64_TO_32_BIT_CONVERSION = YES;
				GCC_WARN_ABOUT_RETURN_TYPE = YES_ERROR;
				GCC_WARN_UNDECLARED_SELECTOR = YES;
				GCC_WARN_UNINITIALIZED_AUTOS = YES_AGGRESSIVE;
				GCC_WARN_UNUSED_FUNCTION = YES;
				GCC_WARN_UNUSED_VARIABLE = YES;
				IPHONEOS_DEPLOYMENT_TARGET = 8.3;
				MTL_ENABLE_DEBUG_INFO = YES;
				ONLY_ACTIVE_ARCH = YES;
				SDKROOT = iphoneos;
				SWIFT_OPTIMIZATION_LEVEL = "-Onone";
				TARGETED_DEVICE_FAMILY = "1,2";
			};
			name = Debug;
		};
		035219681B3AE95000A915E2 /* Release */ = {
			isa = XCBuildConfiguration;
			buildSettings = {
				ALWAYS_SEARCH_USER_PATHS = NO;
				CLANG_CXX_LANGUAGE_STANDARD = "gnu++0x";
				CLANG_CXX_LIBRARY = "libc++";
				CLANG_ENABLE_MODULES = YES;
				CLANG_ENABLE_OBJC_ARC = YES;
				CLANG_WARN_BOOL_CONVERSION = YES;
				CLANG_WARN_CONSTANT_CONVERSION = YES;
				CLANG_WARN_DIRECT_OBJC_ISA_USAGE = YES_ERROR;
				CLANG_WARN_EMPTY_BODY = YES;
				CLANG_WARN_ENUM_CONVERSION = YES;
				CLANG_WARN_INT_CONVERSION = YES;
				CLANG_WARN_OBJC_ROOT_CLASS = YES_ERROR;
				CLANG_WARN_UNREACHABLE_CODE = YES;
				CLANG_WARN__DUPLICATE_METHOD_MATCH = YES;
				"CODE_SIGN_IDENTITY[sdk=iphoneos*]" = "iPhone Developer";
				COPY_PHASE_STRIP = NO;
				DEBUG_INFORMATION_FORMAT = "dwarf-with-dsym";
				ENABLE_NS_ASSERTIONS = NO;
				ENABLE_STRICT_OBJC_MSGSEND = YES;
				GCC_C_LANGUAGE_STANDARD = gnu99;
				GCC_NO_COMMON_BLOCKS = YES;
				GCC_WARN_64_TO_32_BIT_CONVERSION = YES;
				GCC_WARN_ABOUT_RETURN_TYPE = YES_ERROR;
				GCC_WARN_UNDECLARED_SELECTOR = YES;
				GCC_WARN_UNINITIALIZED_AUTOS = YES_AGGRESSIVE;
				GCC_WARN_UNUSED_FUNCTION = YES;
				GCC_WARN_UNUSED_VARIABLE = YES;
				IPHONEOS_DEPLOYMENT_TARGET = 8.3;
				MTL_ENABLE_DEBUG_INFO = NO;
				SDKROOT = iphoneos;
				TARGETED_DEVICE_FAMILY = "1,2";
				VALIDATE_PRODUCT = YES;
			};
			name = Release;
		};
		0352196A1B3AE95000A915E2 /* Debug */ = {
			isa = XCBuildConfiguration;
			buildSettings = {
				ASSETCATALOG_COMPILER_APPICON_NAME = AppIcon;
				INFOPLIST_FILE = Spacefacts/Info.plist;
				LD_RUNPATH_SEARCH_PATHS = "$(inherited) @executable_path/Frameworks";
				PRODUCT_NAME = "$(TARGET_NAME)";
			};
			name = Debug;
		};
		0352196B1B3AE95000A915E2 /* Release */ = {
			isa = XCBuildConfiguration;
			buildSettings = {
				ASSETCATALOG_COMPILER_APPICON_NAME = AppIcon;
				INFOPLIST_FILE = Spacefacts/Info.plist;
				LD_RUNPATH_SEARCH_PATHS = "$(inherited) @executable_path/Frameworks";
				PRODUCT_NAME = "$(TARGET_NAME)";
			};
			name = Release;
		};
		0352196D1B3AE95000A915E2 /* Debug */ = {
			isa = XCBuildConfiguration;
			buildSettings = {
				BUNDLE_LOADER = "$(TEST_HOST)";
				FRAMEWORK_SEARCH_PATHS = (
					"$(SDKROOT)/Developer/Library/Frameworks",
					"$(inherited)",
				);
				GCC_PREPROCESSOR_DEFINITIONS = (
					"DEBUG=1",
					"$(inherited)",
				);
				INFOPLIST_FILE = SpacefactsTests/Info.plist;
				LD_RUNPATH_SEARCH_PATHS = "$(inherited) @executable_path/Frameworks @loader_path/Frameworks";
				PRODUCT_NAME = "$(TARGET_NAME)";
				TEST_HOST = "$(BUILT_PRODUCTS_DIR)/Spacefacts.app/Spacefacts";
			};
			name = Debug;
		};
		0352196E1B3AE95000A915E2 /* Release */ = {
			isa = XCBuildConfiguration;
			buildSettings = {
				BUNDLE_LOADER = "$(TEST_HOST)";
				FRAMEWORK_SEARCH_PATHS = (
					"$(SDKROOT)/Developer/Library/Frameworks",
					"$(inherited)",
				);
				INFOPLIST_FILE = SpacefactsTests/Info.plist;
				LD_RUNPATH_SEARCH_PATHS = "$(inherited) @executable_path/Frameworks @loader_path/Frameworks";
				PRODUCT_NAME = "$(TARGET_NAME)";
				TEST_HOST = "$(BUILT_PRODUCTS_DIR)/Spacefacts.app/Spacefacts";
			};
			name = Release;
		};
/* End XCBuildConfiguration section */

/* Begin XCConfigurationList section */
		035219451B3AE95000A915E2 /* Build configuration list for PBXProject "Spacefacts" */ = {
			isa = XCConfigurationList;
			buildConfigurations = (
				035219671B3AE95000A915E2 /* Debug */,
				035219681B3AE95000A915E2 /* Release */,
			);
			defaultConfigurationIsVisible = 0;
			defaultConfigurationName = Release;
		};
		035219691B3AE95000A915E2 /* Build configuration list for PBXNativeTarget "Spacefacts" */ = {
			isa = XCConfigurationList;
			buildConfigurations = (
				0352196A1B3AE95000A915E2 /* Debug */,
				0352196B1B3AE95000A915E2 /* Release */,
			);
			defaultConfigurationIsVisible = 0;
			defaultConfigurationName = Release;
		};
		0352196C1B3AE95000A915E2 /* Build configuration list for PBXNativeTarget "SpacefactsTests" */ = {
			isa = XCConfigurationList;
			buildConfigurations = (
				0352196D1B3AE95000A915E2 /* Debug */,
				0352196E1B3AE95000A915E2 /* Release */,
			);
			defaultConfigurationIsVisible = 0;
			defaultConfigurationName = Release;
		};
/* End XCConfigurationList section */
	};
	rootObject = 035219421B3AE95000A915E2 /* Project object */;
}
